
Microsoft Visual Studio Solution File, Format Version 12.00
# Visual Studio Version 17
VisualStudioVersion = 17.1.32210.238
MinimumVisualStudioVersion = 10.0.40219.1
Project("{FAE04EC0-301F-11D3-BF4B-00C04F79EFBC}") = "TaxServiceClient", "TaxServiceClient.csproj", "{A2F08A77-3DAB-42D4-A4C4-103632E88808}"
EndProject
Project("{FAE04EC0-301F-11D3-BF4B-00C04F79EFBC}") = "TaxServiceClient.UnitTests", "..\TaxServiceClient.UnitTests\TaxServiceClient.UnitTests.csproj", "{49F1225F-11EB-43ED-9612-6183B876772F}"
EndProject
Global
	GlobalSection(SolutionConfigurationPlatforms) = preSolution
		Debug|Any CPU = Debug|Any CPU
		Release|Any CPU = Release|Any CPU
	EndGlobalSection
	GlobalSection(ProjectConfigurationPlatforms) = postSolution
		{A2F08A77-3DAB-42D4-A4C4-103632E88808}.Debug|Any CPU.ActiveCfg = Debug|Any CPU
		{A2F08A77-3DAB-42D4-A4C4-103632E88808}.Debug|Any CPU.Build.0 = Debug|Any CPU
		{A2F08A77-3DAB-42D4-A4C4-103632E88808}.Release|Any CPU.ActiveCfg = Release|Any CPU
		{A2F08A77-3DAB-42D4-A4C4-103632E88808}.Release|Any CPU.Build.0 = Release|Any CPU
		{49F1225F-11EB-43ED-9612-6183B876772F}.Debug|Any CPU.ActiveCfg = Debug|Any CPU
		{49F1225F-11EB-43ED-9612-6183B876772F}.Debug|Any CPU.Build.0 = Debug|Any CPU
		{49F1225F-11EB-43ED-9612-6183B876772F}.Release|Any CPU.ActiveCfg = Release|Any CPU
		{49F1225F-11EB-43ED-9612-6183B876772F}.Release|Any CPU.Build.0 = Release|Any CPU
	EndGlobalSection
	GlobalSection(SolutionProperties) = preSolution
		HideSolutionNode = FALSE
	EndGlobalSection
	GlobalSection(ExtensibilityGlobals) = postSolution
		SolutionGuid = {B1C25F99-E152-4E0F-9B9B-69D8453B92BC}
	EndGlobalSection
EndGlobal
